// !$*UTF8*$!
{
	archiveVersion = 1;
	classes = {
	};
	objectVersion = 46;
	objects = {

/* Begin PBXGroup section */
		0A2EE4671D0E4AAF0074D5BD = {
			isa = PBXGroup;
			children = (
			);
			sourceTree = "<group>";
		};
/* End PBXGroup section */

/* Begin PBXProject section */
		0A2EE4681D0E4AAF0074D5BD /* Project object */ = {
			isa = PBXProject;
			attributes = {
				LastUpgradeCheck = 0730;
			};
			buildConfigurationList = 0A2EE46B1D0E4AAF0074D5BD /* Build configuration list for PBXProject "BinaryTree" */;
			compatibilityVersion = "Xcode 3.2";
			developmentRegion = English;
			hasScannedForEncodings = 0;
			knownRegions = (
				en,
			);
			mainGroup = 0A2EE4671D0E4AAF0074D5BD;
			projectDirPath = "";
			projectRoot = "";
			targets = (
			);
		};
/* End PBXProject section */

/* Begin XCBuildConfiguration section */
		0A2EE46C1D0E4AAF0074D5BD /* Debug */ = {
			isa = XCBuildConfiguration;
			buildSettings = {
			};
			name = Debug;
		};
		0A2EE46D1D0E4AAF0074D5BD /* Release */ = {
			isa = XCBuildConfiguration;
			buildSettings = {
			};
			name = Release;
		};
/* End XCBuildConfiguration section */

/* Begin XCConfigurationList section */
		0A2EE46B1D0E4AAF0074D5BD /* Build configuration list for PBXProject "BinaryTree" */ = {
			isa = XCConfigurationList;
			buildConfigurations = (
				0A2EE46C1D0E4AAF0074D5BD /* Debug */,
				0A2EE46D1D0E4AAF0074D5BD /* Release */,
			);
			defaultConfigurationIsVisible = 0;
			defaultConfigurationName = Release;
		};
/* End XCConfigurationList section */
	};
	rootObject = 0A2EE4681D0E4AAF0074D5BD /* Project object */;
}
